
Microsoft Visual Studio Solution File, Format Version 12.00
# Visual Studio Version 17
VisualStudioVersion = 17.13.35913.81
MinimumVisualStudioVersion = 10.0.40219.1
Project("{FAE04EC0-301F-11D3-BF4B-00C04F79EFBC}") = "CpConsultorioMedico", "CpConsultorioMedico\CpConsultorioMedico.csproj", "{DDC63859-EE19-44F6-8858-E2334EA61843}"
EndProject
Project("{FAE04EC0-301F-11D3-BF4B-00C04F79EFBC}") = "CadConsultorioMedico", "CadConsultorioMedico\CadConsultorioMedico.csproj", "{D0C0CB5E-789D-4C57-A080-B019A794485A}"
EndProject
Project("{FAE04EC0-301F-11D3-BF4B-00C04F79EFBC}") = "ClnConsultorioMedico", "ClnConsultorioMedico\ClnConsultorioMedico.csproj", "{11FED7CE-7711-4B82-A834-AEB53AE758EC}"
EndProject
Global
	GlobalSection(SolutionConfigurationPlatforms) = preSolution
		Debug|Any CPU = Debug|Any CPU
		Release|Any CPU = Release|Any CPU
	EndGlobalSection
	GlobalSection(ProjectConfigurationPlatforms) = postSolution
		{DDC63859-EE19-44F6-8858-E2334EA61843}.Debug|Any CPU.ActiveCfg = Debug|Any CPU
		{DDC63859-EE19-44F6-8858-E2334EA61843}.Debug|Any CPU.Build.0 = Debug|Any CPU
		{DDC63859-EE19-44F6-8858-E2334EA61843}.Release|Any CPU.ActiveCfg = Release|Any CPU
		{DDC63859-EE19-44F6-8858-E2334EA61843}.Release|Any CPU.Build.0 = Release|Any CPU
		{D0C0CB5E-789D-4C57-A080-B019A794485A}.Debug|Any CPU.ActiveCfg = Debug|Any CPU
		{D0C0CB5E-789D-4C57-A080-B019A794485A}.Debug|Any CPU.Build.0 = Debug|Any CPU
		{D0C0CB5E-789D-4C57-A080-B019A794485A}.Release|Any CPU.ActiveCfg = Release|Any CPU
		{D0C0CB5E-789D-4C57-A080-B019A794485A}.Release|Any CPU.Build.0 = Release|Any CPU
		{11FED7CE-7711-4B82-A834-AEB53AE758EC}.Debug|Any CPU.ActiveCfg = Debug|Any CPU
		{11FED7CE-7711-4B82-A834-AEB53AE758EC}.Debug|Any CPU.Build.0 = Debug|Any CPU
		{11FED7CE-7711-4B82-A834-AEB53AE758EC}.Release|Any CPU.ActiveCfg = Release|Any CPU
		{11FED7CE-7711-4B82-A834-AEB53AE758EC}.Release|Any CPU.Build.0 = Release|Any CPU
	EndGlobalSection
	GlobalSection(SolutionProperties) = preSolution
		HideSolutionNode = FALSE
	EndGlobalSection
	GlobalSection(ExtensibilityGlobals) = postSolution
		SolutionGuid = {B42B2D3A-56E8-4E48-9A4B-A78134FF47F2}
	EndGlobalSection
EndGlobal
