
Microsoft Visual Studio Solution File, Format Version 12.00
# Visual Studio Version 17
VisualStudioVersion = 17.14.36414.22 d17.14
MinimumVisualStudioVersion = 10.0.40219.1
Project("{FAE04EC0-301F-11D3-BF4B-00C04F79EFBC}") = "WebConsultorioMedico", "WebConsultorioMedico\WebConsultorioMedico.csproj", "{9EC262E9-0568-4D17-92A8-A42BD8E57B6E}"
EndProject
Global
	GlobalSection(SolutionConfigurationPlatforms) = preSolution
		Debug|Any CPU = Debug|Any CPU
		Release|Any CPU = Release|Any CPU
	EndGlobalSection
	GlobalSection(ProjectConfigurationPlatforms) = postSolution
		{9EC262E9-0568-4D17-92A8-A42BD8E57B6E}.Debug|Any CPU.ActiveCfg = Debug|Any CPU
		{9EC262E9-0568-4D17-92A8-A42BD8E57B6E}.Debug|Any CPU.Build.0 = Debug|Any CPU
		{9EC262E9-0568-4D17-92A8-A42BD8E57B6E}.Release|Any CPU.ActiveCfg = Release|Any CPU
		{9EC262E9-0568-4D17-92A8-A42BD8E57B6E}.Release|Any CPU.Build.0 = Release|Any CPU
	EndGlobalSection
	GlobalSection(SolutionProperties) = preSolution
		HideSolutionNode = FALSE
	EndGlobalSection
	GlobalSection(ExtensibilityGlobals) = postSolution
		SolutionGuid = {230F5AD9-8F7D-45BA-AD91-71B05FDDBB62}
	EndGlobalSection
EndGlobal
